
Microsoft Visual Studio Solution File, Format Version 12.00
# Visual Studio Version 17
VisualStudioVersion = 17.7.34031.279
MinimumVisualStudioVersion = 10.0.40219.1
Project("{FAE04EC0-301F-11D3-BF4B-00C04F79EFBC}") = "CodePulse.API", "CodePulse.API\CodePulse.API.csproj", "{B00FEBB6-F77C-453B-AE59-72C7D0C4AD0D}"
EndProject
Global
	GlobalSection(SolutionConfigurationPlatforms) = preSolution
		Debug|Any CPU = Debug|Any CPU
		Release|Any CPU = Release|Any CPU
	EndGlobalSection
	GlobalSection(ProjectConfigurationPlatforms) = postSolution
		{B00FEBB6-F77C-453B-AE59-72C7D0C4AD0D}.Debug|Any CPU.ActiveCfg = Debug|Any CPU
		{B00FEBB6-F77C-453B-AE59-72C7D0C4AD0D}.Debug|Any CPU.Build.0 = Debug|Any CPU
		{B00FEBB6-F77C-453B-AE59-72C7D0C4AD0D}.Release|Any CPU.ActiveCfg = Release|Any CPU
		{B00FEBB6-F77C-453B-AE59-72C7D0C4AD0D}.Release|Any CPU.Build.0 = Release|Any CPU
	EndGlobalSection
	GlobalSection(SolutionProperties) = preSolution
		HideSolutionNode = FALSE
	EndGlobalSection
	GlobalSection(ExtensibilityGlobals) = postSolution
		SolutionGuid = {E42F45E7-B565-4794-8F02-1D955A7EA208}
	EndGlobalSection
EndGlobal
